
Microsoft Visual Studio Solution File, Format Version 11.00
# Visual Studio 2010
Project("{2150E333-8FDC-42A3-9474-1A3956D46DE8}") = "Linq", "Linq", "{BA1A2975-C3E8-4FFE-8F8B-19695DDFCDB3}"
EndProject
Project("{FAE04EC0-301F-11D3-BF4B-00C04F79EFBC}") = "LearningLinq", "Linq\LearningLinq\LearningLinq.csproj", "{EB3E768B-8E8A-4579-AED9-71280A70CB73}"
EndProject
Project("{2150E333-8FDC-42A3-9474-1A3956D46DE8}") = ".nuget", ".nuget", "{71DD3C43-8243-4D10-BBBC-6FBA4412938C}"
	ProjectSection(SolutionItems) = preProject
		.nuget\NuGet.Config = .nuget\NuGet.Config
		.nuget\nuget.exe = .nuget\nuget.exe
		.nuget\NuGet.targets = .nuget\NuGet.targets
		.nuget\packages.config = .nuget\packages.config
	EndProjectSection
EndProject
Project("{FAE04EC0-301F-11D3-BF4B-00C04F79EFBC}") = "DotNetTests", "DotNetTests\DotNetTests.csproj", "{3B493F2F-5011-49CA-9090-A9C1C20E9794}"
EndProject
Global
	GlobalSection(SolutionConfigurationPlatforms) = preSolution
		Debug|Any CPU = Debug|Any CPU
		Release|Any CPU = Release|Any CPU
	EndGlobalSection
	GlobalSection(ProjectConfigurationPlatforms) = postSolution
		{EB3E768B-8E8A-4579-AED9-71280A70CB73}.Debug|Any CPU.ActiveCfg = Debug|Any CPU
		{EB3E768B-8E8A-4579-AED9-71280A70CB73}.Debug|Any CPU.Build.0 = Debug|Any CPU
		{EB3E768B-8E8A-4579-AED9-71280A70CB73}.Release|Any CPU.ActiveCfg = Release|Any CPU
		{EB3E768B-8E8A-4579-AED9-71280A70CB73}.Release|Any CPU.Build.0 = Release|Any CPU
		{3B493F2F-5011-49CA-9090-A9C1C20E9794}.Debug|Any CPU.ActiveCfg = Debug|Any CPU
		{3B493F2F-5011-49CA-9090-A9C1C20E9794}.Debug|Any CPU.Build.0 = Debug|Any CPU
		{3B493F2F-5011-49CA-9090-A9C1C20E9794}.Release|Any CPU.ActiveCfg = Release|Any CPU
		{3B493F2F-5011-49CA-9090-A9C1C20E9794}.Release|Any CPU.Build.0 = Release|Any CPU
	EndGlobalSection
	GlobalSection(SolutionProperties) = preSolution
		HideSolutionNode = FALSE
	EndGlobalSection
	GlobalSection(NestedProjects) = preSolution
		{EB3E768B-8E8A-4579-AED9-71280A70CB73} = {BA1A2975-C3E8-4FFE-8F8B-19695DDFCDB3}
	EndGlobalSection
EndGlobal
